# THIS IS AN AUTOGENERATED FILE. DO NOT EDIT THIS FILE DIRECTLY.
# yarn lockfile v1


axios@0.21.1:
  version "0.21.1"
  resolved "http://npm-registry.qunhequnhe.com/axios/download/axios-0.21.1.tgz#22563481962f4d6bde9a76d516ef0e5d3c09b2b8"
  integrity sha1-IlY0gZYvTWvemnbVFu8OXTwJsrg=
  dependencies:
    follow-redirects "^1.10.0"

commder@^1.0.0:
  version "1.0.0"
  resolved "http://npm-registry.qunhequnhe.com/commder/download/commder-1.0.0.tgz#035906dc908422b5158bc5f1150b13008892b0a6"
  integrity sha1-A1kG3JCEIrUVi8XxFQsTAIiSsKY=

follow-redirects@^1.10.0:
  version "1.14.0"
  resolved "http://npm-registry.qunhequnhe.com/follow-redirects/download/follow-redirects-1.14.0.tgz#f5d260f95c5f8c105894491feee5dc8993b402fe"
  integrity sha1-9dJg+VxfjBBYlEkf7uXciZO0Av4=

lodash@^4.1.2:
  version "4.17.21"
  resolved "http://npm-registry.qunhequnhe.com/lodash/download/lodash-4.17.21.tgz#679591c564c3bffaae8454cf0b3df370c3d6911c"
  integrity sha1-Z5WRxWTDv/quhFTPCz3zcMPWkRw=
